
Microsoft Visual Studio Solution File, Format Version 12.00
# Visual Studio Version 17
VisualStudioVersion = 17.3.32929.385
MinimumVisualStudioVersion = 10.0.40219.1
Project("{9A19103F-16F7-4668-BE54-9A1E7A4F7556}") = "BookApp.Server", "BookApp\Server\BookApp.Server.csproj", "{BA886F8C-4C23-4BB4-97B7-E0F2262B52DA}"
EndProject
Project("{9A19103F-16F7-4668-BE54-9A1E7A4F7556}") = "BookApp.Client", "BookApp\Client\BookApp.Client.csproj", "{A36800C2-25ED-4EC6-B0DB-2B53BC6B24CA}"
EndProject
Project("{9A19103F-16F7-4668-BE54-9A1E7A4F7556}") = "BookApp.Shared", "BookApp\Shared\BookApp.Shared.csproj", "{C122487C-483C-4F2D-BE23-AAE1BFF5C6C9}"
EndProject
Global
	GlobalSection(SolutionConfigurationPlatforms) = preSolution
		Debug|Any CPU = Debug|Any CPU
		Release|Any CPU = Release|Any CPU
	EndGlobalSection
	GlobalSection(ProjectConfigurationPlatforms) = postSolution
		{BA886F8C-4C23-4BB4-97B7-E0F2262B52DA}.Debug|Any CPU.ActiveCfg = Debug|Any CPU
		{BA886F8C-4C23-4BB4-97B7-E0F2262B52DA}.Debug|Any CPU.Build.0 = Debug|Any CPU
		{BA886F8C-4C23-4BB4-97B7-E0F2262B52DA}.Release|Any CPU.ActiveCfg = Release|Any CPU
		{BA886F8C-4C23-4BB4-97B7-E0F2262B52DA}.Release|Any CPU.Build.0 = Release|Any CPU
		{A36800C2-25ED-4EC6-B0DB-2B53BC6B24CA}.Debug|Any CPU.ActiveCfg = Debug|Any CPU
		{A36800C2-25ED-4EC6-B0DB-2B53BC6B24CA}.Debug|Any CPU.Build.0 = Debug|Any CPU
		{A36800C2-25ED-4EC6-B0DB-2B53BC6B24CA}.Release|Any CPU.ActiveCfg = Release|Any CPU
		{A36800C2-25ED-4EC6-B0DB-2B53BC6B24CA}.Release|Any CPU.Build.0 = Release|Any CPU
		{C122487C-483C-4F2D-BE23-AAE1BFF5C6C9}.Debug|Any CPU.ActiveCfg = Debug|Any CPU
		{C122487C-483C-4F2D-BE23-AAE1BFF5C6C9}.Debug|Any CPU.Build.0 = Debug|Any CPU
		{C122487C-483C-4F2D-BE23-AAE1BFF5C6C9}.Release|Any CPU.ActiveCfg = Release|Any CPU
		{C122487C-483C-4F2D-BE23-AAE1BFF5C6C9}.Release|Any CPU.Build.0 = Release|Any CPU
	EndGlobalSection
	GlobalSection(SolutionProperties) = preSolution
		HideSolutionNode = FALSE
	EndGlobalSection
	GlobalSection(ExtensibilityGlobals) = postSolution
		SolutionGuid = {4CA233DF-668D-4EB9-9EA9-5985326BA66C}
	EndGlobalSection
EndGlobal
